
Microsoft Visual Studio Solution File, Format Version 11.00
# Visual Studio 2010
Project("{FAE04EC0-301F-11D3-BF4B-00C04F79EFBC}") = "Philosopher", "Philosopher\Philosopher\Philosopher.csproj", "{EB5F5BFF-AF22-488D-9F00-05C593776938}"
EndProject
Project("{96E2B04D-8817-42C6-938A-82C39BA4D311}") = "PhilosopherContent", "Philosopher\PhilosopherContent\PhilosopherContent.contentproj", "{7AE5E2A9-685F-4B83-9AB6-19C889DC94C2}"
EndProject
Global
	GlobalSection(SolutionConfigurationPlatforms) = preSolution
		Debug|x86 = Debug|x86
		Release|x86 = Release|x86
	EndGlobalSection
	GlobalSection(ProjectConfigurationPlatforms) = postSolution
		{EB5F5BFF-AF22-488D-9F00-05C593776938}.Debug|x86.ActiveCfg = Debug|x86
		{EB5F5BFF-AF22-488D-9F00-05C593776938}.Debug|x86.Build.0 = Debug|x86
		{EB5F5BFF-AF22-488D-9F00-05C593776938}.Release|x86.ActiveCfg = Release|x86
		{EB5F5BFF-AF22-488D-9F00-05C593776938}.Release|x86.Build.0 = Release|x86
		{7AE5E2A9-685F-4B83-9AB6-19C889DC94C2}.Debug|x86.ActiveCfg = Debug|x86
		{7AE5E2A9-685F-4B83-9AB6-19C889DC94C2}.Release|x86.ActiveCfg = Release|x86
	EndGlobalSection
	GlobalSection(SolutionProperties) = preSolution
		HideSolutionNode = FALSE
	EndGlobalSection
EndGlobal
